// !$*UTF8*$!
{
	archiveVersion = 1;
	classes = {
	};
	objectVersion = 56;
	objects = {

/* Begin PBXBuildFile section */
		41E26C455CF00B2FEB3946B4 /* Pods_HomeWorkAnimationApp.framework in Frameworks */ = {isa = PBXBuildFile; fileRef = EE14E2C35B198F6A224E5738 /* Pods_HomeWorkAnimationApp.framework */; };
		44D9DDC12B98789E00E63158 /* AppDelegate.swift in Sources */ = {isa = PBXBuildFile; fileRef = 44D9DDC02B98789E00E63158 /* AppDelegate.swift */; };
		44D9DDC32B98789E00E63158 /* SceneDelegate.swift in Sources */ = {isa = PBXBuildFile; fileRef = 44D9DDC22B98789E00E63158 /* SceneDelegate.swift */; };
		44D9DDC52B98789E00E63158 /* ViewController.swift in Sources */ = {isa = PBXBuildFile; fileRef = 44D9DDC42B98789E00E63158 /* ViewController.swift */; };
		44D9DDC82B98789E00E63158 /* Main.storyboard in Resources */ = {isa = PBXBuildFile; fileRef = 44D9DDC62B98789E00E63158 /* Main.storyboard */; };
		44D9DDCA2B98789F00E63158 /* Assets.xcassets in Resources */ = {isa = PBXBuildFile; fileRef = 44D9DDC92B98789F00E63158 /* Assets.xcassets */; };
		44D9DDCD2B98789F00E63158 /* LaunchScreen.storyboard in Resources */ = {isa = PBXBuildFile; fileRef = 44D9DDCB2B98789F00E63158 /* LaunchScreen.storyboard */; };
		44D9DDD52B987F9F00E63158 /* PresetSettings.swift in Sources */ = {isa = PBXBuildFile; fileRef = 44D9DDD42B987F9F00E63158 /* PresetSettings.swift */; };
/* End PBXBuildFile section */

/* Begin PBXFileReference section */
		44D9DDBD2B98789E00E63158 /* HomeWorkAnimationApp.app */ = {isa = PBXFileReference; explicitFileType = wrapper.application; includeInIndex = 0; path = HomeWorkAnimationApp.app; sourceTree = BUILT_PRODUCTS_DIR; };
		44D9DDC02B98789E00E63158 /* AppDelegate.swift */ = {isa = PBXFileReference; lastKnownFileType = sourcecode.swift; path = AppDelegate.swift; sourceTree = "<group>"; };
		44D9DDC22B98789E00E63158 /* SceneDelegate.swift */ = {isa = PBXFileReference; lastKnownFileType = sourcecode.swift; path = SceneDelegate.swift; sourceTree = "<group>"; };
		44D9DDC42B98789E00E63158 /* ViewController.swift */ = {isa = PBXFileReference; lastKnownFileType = sourcecode.swift; path = ViewController.swift; sourceTree = "<group>"; };
		44D9DDC72B98789E00E63158 /* Base */ = {isa = PBXFileReference; lastKnownFileType = file.storyboard; name = Base; path = Base.lproj/Main.storyboard; sourceTree = "<group>"; };
		44D9DDC92B98789F00E63158 /* Assets.xcassets */ = {isa = PBXFileReference; lastKnownFileType = folder.assetcatalog; path = Assets.xcassets; sourceTree = "<group>"; };
		44D9DDCC2B98789F00E63158 /* Base */ = {isa = PBXFileReference; lastKnownFileType = file.storyboard; name = Base; path = Base.lproj/LaunchScreen.storyboard; sourceTree = "<group>"; };
		44D9DDCE2B98789F00E63158 /* Info.plist */ = {isa = PBXFileReference; lastKnownFileType = text.plist.xml; path = Info.plist; sourceTree = "<group>"; };
		44D9DDD42B987F9F00E63158 /* PresetSettings.swift */ = {isa = PBXFileReference; lastKnownFileType = sourcecode.swift; path = PresetSettings.swift; sourceTree = "<group>"; };
		B896C4E474507C5CDA71C902 /* Pods-HomeWorkAnimationApp.release.xcconfig */ = {isa = PBXFileReference; includeInIndex = 1; lastKnownFileType = text.xcconfig; name = "Pods-HomeWorkAnimationApp.release.xcconfig"; path = "Target Support Files/Pods-HomeWorkAnimationApp/Pods-HomeWorkAnimationApp.release.xcconfig"; sourceTree = "<group>"; };
		EE14E2C35B198F6A224E5738 /* Pods_HomeWorkAnimationApp.framework */ = {isa = PBXFileReference; explicitFileType = wrapper.framework; includeInIndex = 0; path = Pods_HomeWorkAnimationApp.framework; sourceTree = BUILT_PRODUCTS_DIR; };
		FE66B888129DA390DDAA6F99 /* Pods-HomeWorkAnimationApp.debug.xcconfig */ = {isa = PBXFileReference; includeInIndex = 1; lastKnownFileType = text.xcconfig; name = "Pods-HomeWorkAnimationApp.debug.xcconfig"; path = "Target Support Files/Pods-HomeWorkAnimationApp/Pods-HomeWorkAnimationApp.debug.xcconfig"; sourceTree = "<group>"; };
/* End PBXFileReference section */

/* Begin PBXFrameworksBuildPhase section */
		44D9DDBA2B98789E00E63158 /* Frameworks */ = {
			isa = PBXFrameworksBuildPhase;
			buildActionMask = 2147483647;
			files = (
				41E26C455CF00B2FEB3946B4 /* Pods_HomeWorkAnimationApp.framework in Frameworks */,
			);
			runOnlyForDeploymentPostprocessing = 0;
		};
/* End PBXFrameworksBuildPhase section */

/* Begin PBXGroup section */
		44D9DDB42B98789E00E63158 = {
			isa = PBXGroup;
			children = (
				44D9DDBF2B98789E00E63158 /* HomeWorkAnimationApp */,
				44D9DDBE2B98789E00E63158 /* Products */,
				775D7CC5FF2D2D2F9B72BF77 /* Pods */,
				EFD86BE97ABE94C86092B9EE /* Frameworks */,
			);
			sourceTree = "<group>";
		};
		44D9DDBE2B98789E00E63158 /* Products */ = {
			isa = PBXGroup;
			children = (
				44D9DDBD2B98789E00E63158 /* HomeWorkAnimationApp.app */,
			);
			name = Products;
			sourceTree = "<group>";
		};
		44D9DDBF2B98789E00E63158 /* HomeWorkAnimationApp */ = {
			isa = PBXGroup;
			children = (
				44D9DDC02B98789E00E63158 /* AppDelegate.swift */,
				44D9DDC22B98789E00E63158 /* SceneDelegate.swift */,
				44D9DDC42B98789E00E63158 /* ViewController.swift */,
				44D9DDD42B987F9F00E63158 /* PresetSettings.swift */,
				44D9DDC62B98789E00E63158 /* Main.storyboard */,
				44D9DDC92B98789F00E63158 /* Assets.xcassets */,
				44D9DDCB2B98789F00E63158 /* LaunchScreen.storyboard */,
				44D9DDCE2B98789F00E63158 /* Info.plist */,
			);
			path = HomeWorkAnimationApp;
			sourceTree = "<group>";
		};
		775D7CC5FF2D2D2F9B72BF77 /* Pods */ = {
			isa = PBXGroup;
			children = (
				FE66B888129DA390DDAA6F99 /* Pods-HomeWorkAnimationApp.debug.xcconfig */,
				B896C4E474507C5CDA71C902 /* Pods-HomeWorkAnimationApp.release.xcconfig */,
			);
			path = Pods;
			sourceTree = "<group>";
		};
		EFD86BE97ABE94C86092B9EE /* Frameworks */ = {
			isa = PBXGroup;
			children = (
				EE14E2C35B198F6A224E5738 /* Pods_HomeWorkAnimationApp.framework */,
			);
			name = Frameworks;
			sourceTree = "<group>";
		};
/* End PBXGroup section */

/* Begin PBXNativeTarget section */
		44D9DDBC2B98789E00E63158 /* HomeWorkAnimationApp */ = {
			isa = PBXNativeTarget;
			buildConfigurationList = 44D9DDD12B98789F00E63158 /* Build configuration list for PBXNativeTarget "HomeWorkAnimationApp" */;
			buildPhases = (
				850317F17BA10B9348F7C508 /* [CP] Check Pods Manifest.lock */,
				44D9DDB92B98789E00E63158 /* Sources */,
				44D9DDBA2B98789E00E63158 /* Frameworks */,
				44D9DDBB2B98789E00E63158 /* Resources */,
				F1625D14F27D0E8F8A547E82 /* [CP] Embed Pods Frameworks */,
			);
			buildRules = (
			);
			dependencies = (
			);
			name = HomeWorkAnimationApp;
			productName = HomeWorkAnimationApp;
			productReference = 44D9DDBD2B98789E00E63158 /* HomeWorkAnimationApp.app */;
			productType = "com.apple.product-type.application";
		};
/* End PBXNativeTarget section */

/* Begin PBXProject section */
		44D9DDB52B98789E00E63158 /* Project object */ = {
			isa = PBXProject;
			attributes = {
				BuildIndependentTargetsInParallel = 1;
				LastSwiftUpdateCheck = 1500;
				LastUpgradeCheck = 1500;
				TargetAttributes = {
					44D9DDBC2B98789E00E63158 = {
						CreatedOnToolsVersion = 15.0;
					};
				};
			};
			buildConfigurationList = 44D9DDB82B98789E00E63158 /* Build configuration list for PBXProject "HomeWorkAnimationApp" */;
			compatibilityVersion = "Xcode 14.0";
			developmentRegion = en;
			hasScannedForEncodings = 0;
			knownRegions = (
				en,
				Base,
			);
			mainGroup = 44D9DDB42B98789E00E63158;
			productRefGroup = 44D9DDBE2B98789E00E63158 /* Products */;
			projectDirPath = "";
			projectRoot = "";
			targets = (
				44D9DDBC2B98789E00E63158 /* HomeWorkAnimationApp */,
			);
		};
/* End PBXProject section */

/* Begin PBXResourcesBuildPhase section */
		44D9DDBB2B98789E00E63158 /* Resources */ = {
			isa = PBXResourcesBuildPhase;
			buildActionMask = 2147483647;
			files = (
				44D9DDCD2B98789F00E63158 /* LaunchScreen.storyboard in Resources */,
				44D9DDCA2B98789F00E63158 /* Assets.xcassets in Resources */,
				44D9DDC82B98789E00E63158 /* Main.storyboard in Resources */,
			);
			runOnlyForDeploymentPostprocessing = 0;
		};
/* End PBXResourcesBuildPhase section */

/* Begin PBXShellScriptBuildPhase section */
		850317F17BA10B9348F7C508 /* [CP] Check Pods Manifest.lock */ = {
			isa = PBXShellScriptBuildPhase;
			buildActionMask = 2147483647;
			files = (
			);
			inputFileListPaths = (
			);
			inputPaths = (
				"${PODS_PODFILE_DIR_PATH}/Podfile.lock",
				"${PODS_ROOT}/Manifest.lock",
			);
			name = "[CP] Check Pods Manifest.lock";
			outputFileListPaths = (
			);
			outputPaths = (
				"$(DERIVED_FILE_DIR)/Pods-HomeWorkAnimationApp-checkManifestLockResult.txt",
			);
			runOnlyForDeploymentPostprocessing = 0;
			shellPath = /bin/sh;
			shellScript = "diff \"${PODS_PODFILE_DIR_PATH}/Podfile.lock\" \"${PODS_ROOT}/Manifest.lock\" > /dev/null\nif [ $? != 0 ] ; then\n    # print error to STDERR\n    echo \"error: The sandbox is not in sync with the Podfile.lock. Run 'pod install' or update your CocoaPods installation.\" >&2\n    exit 1\nfi\n# This output is used by Xcode 'outputs' to avoid re-running this script phase.\necho \"SUCCESS\" > \"${SCRIPT_OUTPUT_FILE_0}\"\n";
			showEnvVarsInLog = 0;
		};
		F1625D14F27D0E8F8A547E82 /* [CP] Embed Pods Frameworks */ = {
			isa = PBXShellScriptBuildPhase;
			buildActionMask = 2147483647;
			files = (
			);
			inputFileListPaths = (
				"${PODS_ROOT}/Target Support Files/Pods-HomeWorkAnimationApp/Pods-HomeWorkAnimationApp-frameworks-${CONFIGURATION}-input-files.xcfilelist",
			);
			name = "[CP] Embed Pods Frameworks";
			outputFileListPaths = (
				"${PODS_ROOT}/Target Support Files/Pods-HomeWorkAnimationApp/Pods-HomeWorkAnimationApp-frameworks-${CONFIGURATION}-output-files.xcfilelist",
			);
			runOnlyForDeploymentPostprocessing = 0;
			shellPath = /bin/sh;
			shellScript = "\"${PODS_ROOT}/Target Support Files/Pods-HomeWorkAnimationApp/Pods-HomeWorkAnimationApp-frameworks.sh\"\n";
			showEnvVarsInLog = 0;
		};
/* End PBXShellScriptBuildPhase section */

/* Begin PBXSourcesBuildPhase section */
		44D9DDB92B98789E00E63158 /* Sources */ = {
			isa = PBXSourcesBuildPhase;
			buildActionMask = 2147483647;
			files = (
				44D9DDC52B98789E00E63158 /* ViewController.swift in Sources */,
				44D9DDC12B98789E00E63158 /* AppDelegate.swift in Sources */,
				44D9DDD52B987F9F00E63158 /* PresetSettings.swift in Sources */,
				44D9DDC32B98789E00E63158 /* SceneDelegate.swift in Sources */,
			);
			runOnlyForDeploymentPostprocessing = 0;
		};
/* End PBXSourcesBuildPhase section */

/* Begin PBXVariantGroup section */
		44D9DDC62B98789E00E63158 /* Main.storyboard */ = {
			isa = PBXVariantGroup;
			children = (
				44D9DDC72B98789E00E63158 /* Base */,
			);
			name = Main.storyboard;
			sourceTree = "<group>";
		};
		44D9DDCB2B98789F00E63158 /* LaunchScreen.storyboard */ = {
			isa = PBXVariantGroup;
			children = (
				44D9DDCC2B98789F00E63158 /* Base */,
			);
			name = LaunchScreen.storyboard;
			sourceTree = "<group>";
		};
/* End PBXVariantGroup section */

/* Begin XCBuildConfiguration section */
		44D9DDCF2B98789F00E63158 /* Debug */ = {
			isa = XCBuildConfiguration;
			buildSettings = {
				ALWAYS_SEARCH_USER_PATHS = NO;
				ASSETCATALOG_COMPILER_GENERATE_SWIFT_ASSET_SYMBOL_EXTENSIONS = YES;
				CLANG_ANALYZER_NONNULL = YES;
				CLANG_ANALYZER_NUMBER_OBJECT_CONVERSION = YES_AGGRESSIVE;
				CLANG_CXX_LANGUAGE_STANDARD = "gnu++20";
				CLANG_ENABLE_MODULES = YES;
				CLANG_ENABLE_OBJC_ARC = YES;
				CLANG_ENABLE_OBJC_WEAK = YES;
				CLANG_WARN_BLOCK_CAPTURE_AUTORELEASING = YES;
				CLANG_WARN_BOOL_CONVERSION = YES;
				CLANG_WARN_COMMA = YES;
				CLANG_WARN_CONSTANT_CONVERSION = YES;
				CLANG_WARN_DEPRECATED_OBJC_IMPLEMENTATIONS = YES;
				CLANG_WARN_DIRECT_OBJC_ISA_USAGE = YES_ERROR;
				CLANG_WARN_DOCUMENTATION_COMMENTS = YES;
				CLANG_WARN_EMPTY_BODY = YES;
				CLANG_WARN_ENUM_CONVERSION = YES;
				CLANG_WARN_INFINITE_RECURSION = YES;
				CLANG_WARN_INT_CONVERSION = YES;
				CLANG_WARN_NON_LITERAL_NULL_CONVERSION = YES;
				CLANG_WARN_OBJC_IMPLICIT_RETAIN_SELF = YES;
				CLANG_WARN_OBJC_LITERAL_CONVERSION = YES;
				CLANG_WARN_OBJC_ROOT_CLASS = YES_ERROR;
				CLANG_WARN_QUOTED_INCLUDE_IN_FRAMEWORK_HEADER = YES;
				CLANG_WARN_RANGE_LOOP_ANALYSIS = YES;
				CLANG_WARN_STRICT_PROTOTYPES = YES;
				CLANG_WARN_SUSPICIOUS_MOVE = YES;
				CLANG_WARN_UNGUARDED_AVAILABILITY = YES_AGGRESSIVE;
				CLANG_WARN_UNREACHABLE_CODE = YES;
				CLANG_WARN__DUPLICATE_METHOD_MATCH = YES;
				COPY_PHASE_STRIP = NO;
				DEBUG_INFORMATION_FORMAT = dwarf;
				ENABLE_STRICT_OBJC_MSGSEND = YES;
				ENABLE_TESTABILITY = YES;
				ENABLE_USER_SCRIPT_SANDBOXING = NO;
				GCC_C_LANGUAGE_STANDARD = gnu17;
				GCC_DYNAMIC_NO_PIC = NO;
				GCC_NO_COMMON_BLOCKS = YES;
				GCC_OPTIMIZATION_LEVEL = 0;
				GCC_PREPROCESSOR_DEFINITIONS = (
					"DEBUG=1",
					"$(inherited)",
				);
				GCC_WARN_64_TO_32_BIT_CONVERSION = YES;
				GCC_WARN_ABOUT_RETURN_TYPE = YES_ERROR;
				GCC_WARN_UNDECLARED_SELECTOR = YES;
				GCC_WARN_UNINITIALIZED_AUTOS = YES_AGGRESSIVE;
				GCC_WARN_UNUSED_FUNCTION = YES;
				GCC_WARN_UNUSED_VARIABLE = YES;
				IPHONEOS_DEPLOYMENT_TARGET = 17.0;
				LOCALIZATION_PREFERS_STRING_CATALOGS = YES;
				MTL_ENABLE_DEBUG_INFO = INCLUDE_SOURCE;
				MTL_FAST_MATH = YES;
				ONLY_ACTIVE_ARCH = YES;
				SDKROOT = iphoneos;
				SWIFT_ACTIVE_COMPILATION_CONDITIONS = "DEBUG $(inherited)";
				SWIFT_OPTIMIZATION_LEVEL = "-Onone";
			};
			name = Debug;
		};
		44D9DDD02B98789F00E63158 /* Release */ = {
			isa = XCBuildConfiguration;
			buildSettings = {
				ALWAYS_SEARCH_USER_PATHS = NO;
				ASSETCATALOG_COMPILER_GENERATE_SWIFT_ASSET_SYMBOL_EXTENSIONS = YES;
				CLANG_ANALYZER_NONNULL = YES;
				CLANG_ANALYZER_NUMBER_OBJECT_CONVERSION = YES_AGGRESSIVE;
				CLANG_CXX_LANGUAGE_STANDARD = "gnu++20";
				CLANG_ENABLE_MODULES = YES;
				CLANG_ENABLE_OBJC_ARC = YES;
				CLANG_ENABLE_OBJC_WEAK = YES;
				CLANG_WARN_BLOCK_CAPTURE_AUTORELEASING = YES;
				CLANG_WARN_BOOL_CONVERSION = YES;
				CLANG_WARN_COMMA = YES;
				CLANG_WARN_CONSTANT_CONVERSION = YES;
				CLANG_WARN_DEPRECATED_OBJC_IMPLEMENTATIONS = YES;
				CLANG_WARN_DIRECT_OBJC_ISA_USAGE = YES_ERROR;
				CLANG_WARN_DOCUMENTATION_COMMENTS = YES;
				CLANG_WARN_EMPTY_BODY = YES;
				CLANG_WARN_ENUM_CONVERSION = YES;
				CLANG_WARN_INFINITE_RECURSION = YES;
				CLANG_WARN_INT_CONVERSION = YES;
				CLANG_WARN_NON_LITERAL_NULL_CONVERSION = YES;
				CLANG_WARN_OBJC_IMPLICIT_RETAIN_SELF = YES;
				CLANG_WARN_OBJC_LITERAL_CONVERSION = YES;
				CLANG_WARN_OBJC_ROOT_CLASS = YES_ERROR;
				CLANG_WARN_QUOTED_INCLUDE_IN_FRAMEWORK_HEADER = YES;
				CLANG_WARN_RANGE_LOOP_ANALYSIS = YES;
				CLANG_WARN_STRICT_PROTOTYPES = YES;
				CLANG_WARN_SUSPICIOUS_MOVE = YES;
				CLANG_WARN_UNGUARDED_AVAILABILITY = YES_AGGRESSIVE;
				CLANG_WARN_UNREACHABLE_CODE = YES;
				CLANG_WARN__DUPLICATE_METHOD_MATCH = YES;
				COPY_PHASE_STRIP = NO;
				DEBUG_INFORMATION_FORMAT = "dwarf-with-dsym";
				ENABLE_NS_ASSERTIONS = NO;
				ENABLE_STRICT_OBJC_MSGSEND = YES;
				ENABLE_USER_SCRIPT_SANDBOXING = NO;
				GCC_C_LANGUAGE_STANDARD = gnu17;
				GCC_NO_COMMON_BLOCKS = YES;
				GCC_WARN_64_TO_32_BIT_CONVERSION = YES;
				GCC_WARN_ABOUT_RETURN_TYPE = YES_ERROR;
				GCC_WARN_UNDECLARED_SELECTOR = YES;
				GCC_WARN_UNINITIALIZED_AUTOS = YES_AGGRESSIVE;
				GCC_WARN_UNUSED_FUNCTION = YES;
				GCC_WARN_UNUSED_VARIABLE = YES;
				IPHONEOS_DEPLOYMENT_TARGET = 17.0;
				LOCALIZATION_PREFERS_STRING_CATALOGS = YES;
				MTL_ENABLE_DEBUG_INFO = NO;
				MTL_FAST_MATH = YES;
				SDKROOT = iphoneos;
				SWIFT_COMPILATION_MODE = wholemodule;
				VALIDATE_PRODUCT = YES;
			};
			name = Release;
		};
		44D9DDD22B98789F00E63158 /* Debug */ = {
			isa = XCBuildConfiguration;
			baseConfigurationReference = FE66B888129DA390DDAA6F99 /* Pods-HomeWorkAnimationApp.debug.xcconfig */;
			buildSettings = {
				ASSETCATALOG_COMPILER_APPICON_NAME = AppIcon;
				ASSETCATALOG_COMPILER_GLOBAL_ACCENT_COLOR_NAME = AccentColor;
				CODE_SIGN_STYLE = Automatic;
				CURRENT_PROJECT_VERSION = 1;
				DEVELOPMENT_TEAM = 9829TFX2TL;
				GENERATE_INFOPLIST_FILE = YES;
				INFOPLIST_FILE = HomeWorkAnimationApp/Info.plist;
				INFOPLIST_KEY_UIApplicationSupportsIndirectInputEvents = YES;
				INFOPLIST_KEY_UILaunchStoryboardName = LaunchScreen;
				INFOPLIST_KEY_UIMainStoryboardFile = Main;
				INFOPLIST_KEY_UISupportedInterfaceOrientations_iPad = "UIInterfaceOrientationPortrait UIInterfaceOrientationPortraitUpsideDown UIInterfaceOrientationLandscapeLeft UIInterfaceOrientationLandscapeRight";
				INFOPLIST_KEY_UISupportedInterfaceOrientations_iPhone = "UIInterfaceOrientationPortrait UIInterfaceOrientationLandscapeLeft UIInterfaceOrientationLandscapeRight";
				LD_RUNPATH_SEARCH_PATHS = (
					"$(inherited)",
					"@executable_path/Frameworks",
				);
				MARKETING_VERSION = 1.0;
				PRODUCT_BUNDLE_IDENTIFIER = com.annaLavrova.HomeWorkAnimationApp;
				PRODUCT_NAME = "$(TARGET_NAME)";
				SWIFT_EMIT_LOC_STRINGS = YES;
				SWIFT_VERSION = 5.0;
				TARGETED_DEVICE_FAMILY = "1,2";
			};
			name = Debug;
		};
		44D9DDD32B98789F00E63158 /* Release */ = {
			isa = XCBuildConfiguration;
			baseConfigurationReference = B896C4E474507C5CDA71C902 /* Pods-HomeWorkAnimationApp.release.xcconfig */;
			buildSettings = {
				ASSETCATALOG_COMPILER_APPICON_NAME = AppIcon;
				ASSETCATALOG_COMPILER_GLOBAL_ACCENT_COLOR_NAME = AccentColor;
				CODE_SIGN_STYLE = Automatic;
				CURRENT_PROJECT_VERSION = 1;
				DEVELOPMENT_TEAM = 9829TFX2TL;
				GENERATE_INFOPLIST_FILE = YES;
				INFOPLIST_FILE = HomeWorkAnimationApp/Info.plist;
				INFOPLIST_KEY_UIApplicationSupportsIndirectInputEvents = YES;
				INFOPLIST_KEY_UILaunchStoryboardName = LaunchScreen;
				INFOPLIST_KEY_UIMainStoryboardFile = Main;
				INFOPLIST_KEY_UISupportedInterfaceOrientations_iPad = "UIInterfaceOrientationPortrait UIInterfaceOrientationPortraitUpsideDown UIInterfaceOrientationLandscapeLeft UIInterfaceOrientationLandscapeRight";
				INFOPLIST_KEY_UISupportedInterfaceOrientations_iPhone = "UIInterfaceOrientationPortrait UIInterfaceOrientationLandscapeLeft UIInterfaceOrientationLandscapeRight";
				LD_RUNPATH_SEARCH_PATHS = (
					"$(inherited)",
					"@executable_path/Frameworks",
				);
				MARKETING_VERSION = 1.0;
				PRODUCT_BUNDLE_IDENTIFIER = com.annaLavrova.HomeWorkAnimationApp;
				PRODUCT_NAME = "$(TARGET_NAME)";
				SWIFT_EMIT_LOC_STRINGS = YES;
				SWIFT_VERSION = 5.0;
				TARGETED_DEVICE_FAMILY = "1,2";
			};
			name = Release;
		};
/* End XCBuildConfiguration section */

/* Begin XCConfigurationList section */
		44D9DDB82B98789E00E63158 /* Build configuration list for PBXProject "HomeWorkAnimationApp" */ = {
			isa = XCConfigurationList;
			buildConfigurations = (
				44D9DDCF2B98789F00E63158 /* Debug */,
				44D9DDD02B98789F00E63158 /* Release */,
			);
			defaultConfigurationIsVisible = 0;
			defaultConfigurationName = Release;
		};
		44D9DDD12B98789F00E63158 /* Build configuration list for PBXNativeTarget "HomeWorkAnimationApp" */ = {
			isa = XCConfigurationList;
			buildConfigurations = (
				44D9DDD22B98789F00E63158 /* Debug */,
				44D9DDD32B98789F00E63158 /* Release */,
			);
			defaultConfigurationIsVisible = 0;
			defaultConfigurationName = Release;
		};
/* End XCConfigurationList section */
	};
	rootObject = 44D9DDB52B98789E00E63158 /* Project object */;
}
